<?xml version="1.0" encoding="utf-8"?>
<Project ToolsVersion="4.0" xmlns="http://schemas.microsoft.com/developer/msbuild/2003">
  <ItemGroup>
    <Filter Include="Source Files">
      <UniqueIdentifier>{4FC737F1-C7A5-4376-A066-2A32D752A2FF}</UniqueIdentifier>
      <Extensions>cpp;c;cc;cxx;def;odl;idl;hpj;bat;asm;asmx</Extensions>
    </Filter>
    <Filter Include="Header Files">
      <UniqueIdentifier>{93995380-89BD-4b04-88EB-625FBE52EBFB}</UniqueIdentifier>
      <Extensions>h;hpp;hxx;hm;inl;inc;xsd</Extensions>
    </Filter>
    <Filter Include="Global Include">
      <UniqueIdentifier>{3ad6bd04-d860-4ab5-8ec6-2c893cc76086}</UniqueIdentifier>
    </Filter>
  </ItemGroup>
  <ItemGroup>
    <None Include="makeobj" />
    <None Include="main.ldf" />
  </ItemGroup>
  <ItemGroup>
    <ClCompile Include="cpp\adc.cpp">
      <Filter>Source Files</Filter>
    </ClCompile>
    <ClCompile Include="cpp\calculation.cpp">
      <Filter>Source Files</Filter>
    </ClCompile>
    <ClCompile Include="cpp\control.cpp">
      <Filter>Source Files</Filter>
    </ClCompile>
    <ClCompile Include="cpp\data.cpp">
      <Filter>Source Files</Filter>
    </ClCompile>
    <ClCompile Include="cpp\debug.cpp">
      <Filter>Source Files</Filter>
    </ClCompile>
    <ClCompile Include="cpp\main.cpp">
      <Filter>Source Files</Filter>
    </ClCompile>
    <ClCompile Include="cpp\mux.cpp">
      <Filter>Source Files</Filter>
    </ClCompile>
    <ClCompile Include="cpp\options.cpp">
      <Filter>Source Files</Filter>
    </ClCompile>
    <ClCompile Include="cpp\rs485.cpp">
      <Filter>Source Files</Filter>
    </ClCompile>
    <ClCompile Include="cpp\telemetry.cpp">
      <Filter>Source Files</Filter>
    </ClCompile>
    <ClCompile Include="cpp\twi.cpp">
      <Filter>Source Files</Filter>
    </ClCompile>
  </ItemGroup>
  <ItemGroup>
    <ClInclude Include="cpp\adc.h">
      <Filter>Header Files</Filter>
    </ClInclude>
    <ClInclude Include="cpp\calculation.h">
      <Filter>Header Files</Filter>
    </ClInclude>
    <ClInclude Include="cpp\common.h">
      <Filter>Header Files</Filter>
    </ClInclude>
    <ClInclude Include="cpp\control.h">
      <Filter>Header Files</Filter>
    </ClInclude>
    <ClInclude Include="cpp\data.h">
      <Filter>Header Files</Filter>
    </ClInclude>
    <ClInclude Include="cpp\debug.h">
      <Filter>Header Files</Filter>
    </ClInclude>
    <ClInclude Include="cpp\main.h">
      <Filter>Header Files</Filter>
    </ClInclude>
    <ClInclude Include="cpp\mux.h">
      <Filter>Header Files</Filter>
    </ClInclude>
    <ClInclude Include="cpp\options.h">
      <Filter>Header Files</Filter>
    </ClInclude>
    <ClInclude Include="cpp\rs485.h">
      <Filter>Header Files</Filter>
    </ClInclude>
    <ClInclude Include="cpp\telemetry.h">
      <Filter>Header Files</Filter>
    </ClInclude>
    <ClInclude Include="cpp\twi.h">
      <Filter>Header Files</Filter>
    </ClInclude>
  </ItemGroup>
</Project>